// !$*UTF8*$!
{
	archiveVersion = 1;
	classes = {
	};
	objectVersion = 56;
	objects = {

/* Begin PBXBuildFile section */
		B47E729D2B4D42F20098D286 /* AppDelegate.swift in Sources */ = {isa = PBXBuildFile; fileRef = B47E729C2B4D42F20098D286 /* AppDelegate.swift */; };
		B47E729F2B4D42F20098D286 /* SceneDelegate.swift in Sources */ = {isa = PBXBuildFile; fileRef = B47E729E2B4D42F20098D286 /* SceneDelegate.swift */; };
		B47E72A12B4D42F20098D286 /* ViewController.swift in Sources */ = {isa = PBXBuildFile; fileRef = B47E72A02B4D42F20098D286 /* ViewController.swift */; };
		B47E72A42B4D42F20098D286 /* Main.storyboard in Resources */ = {isa = PBXBuildFile; fileRef = B47E72A22B4D42F20098D286 /* Main.storyboard */; };
		B47E72A62B4D42F40098D286 /* Assets.xcassets in Resources */ = {isa = PBXBuildFile; fileRef = B47E72A52B4D42F40098D286 /* Assets.xcassets */; };
		B47E72A92B4D42F40098D286 /* LaunchScreen.storyboard in Resources */ = {isa = PBXBuildFile; fileRef = B47E72A72B4D42F40098D286 /* LaunchScreen.storyboard */; };
		B47E72B42B4D42F50098D286 /* UIKit_StudyTests.swift in Sources */ = {isa = PBXBuildFile; fileRef = B47E72B32B4D42F50098D286 /* UIKit_StudyTests.swift */; };
		B47E72BE2B4D42F50098D286 /* UIKit_StudyUITests.swift in Sources */ = {isa = PBXBuildFile; fileRef = B47E72BD2B4D42F50098D286 /* UIKit_StudyUITests.swift */; };
		B47E72C02B4D42F50098D286 /* UIKit_StudyUITestsLaunchTests.swift in Sources */ = {isa = PBXBuildFile; fileRef = B47E72BF2B4D42F50098D286 /* UIKit_StudyUITestsLaunchTests.swift */; };
		B47E72CD2B4D49FF0098D286 /* Navigation.storyboard in Resources */ = {isa = PBXBuildFile; fileRef = B47E72CC2B4D49FF0098D286 /* Navigation.storyboard */; };
		B47E72CF2B4D4AC00098D286 /* NavigationController.swift in Sources */ = {isa = PBXBuildFile; fileRef = B47E72CE2B4D4AC00098D286 /* NavigationController.swift */; };
		B47E72D12B4D4B6E0098D286 /* RootViewController.swift in Sources */ = {isa = PBXBuildFile; fileRef = B47E72D02B4D4B6E0098D286 /* RootViewController.swift */; };
		B47E72D32B4D4BD20098D286 /* SecondViewController.swift in Sources */ = {isa = PBXBuildFile; fileRef = B47E72D22B4D4BD20098D286 /* SecondViewController.swift */; };
		B47E72D52B4D8A290098D286 /* TabBar.storyboard in Resources */ = {isa = PBXBuildFile; fileRef = B47E72D42B4D8A290098D286 /* TabBar.storyboard */; };
		B47E72D72B4D8C370098D286 /* TabBarViewController.swift in Sources */ = {isa = PBXBuildFile; fileRef = B47E72D62B4D8C370098D286 /* TabBarViewController.swift */; };
		B47E72D92B4D8D210098D286 /* HomeViewController.swift in Sources */ = {isa = PBXBuildFile; fileRef = B47E72D82B4D8D210098D286 /* HomeViewController.swift */; };
		B47E72DB2B4E32810098D286 /* ChildViewController.swift in Sources */ = {isa = PBXBuildFile; fileRef = B47E72DA2B4E32810098D286 /* ChildViewController.swift */; };
		B47E72DD2B4E83A30098D286 /* AutoLayout.storyboard in Resources */ = {isa = PBXBuildFile; fileRef = B47E72DC2B4E83A30098D286 /* AutoLayout.storyboard */; };
		B47E72DF2B4E83B70098D286 /* AutoLayout.swift in Sources */ = {isa = PBXBuildFile; fileRef = B47E72DE2B4E83B70098D286 /* AutoLayout.swift */; };
		B47E72E32B4E8A8C0098D286 /* XibViewController.swift in Sources */ = {isa = PBXBuildFile; fileRef = B47E72E22B4E8A8C0098D286 /* XibViewController.swift */; };
		B47E72E72B4E8F6F0098D286 /* XibViewController.xib in Resources */ = {isa = PBXBuildFile; fileRef = B47E72E62B4E8F6F0098D286 /* XibViewController.xib */; };
		B47E72E92B4F77110098D286 /* UIScrollView.storyboard in Resources */ = {isa = PBXBuildFile; fileRef = B47E72E82B4F77110098D286 /* UIScrollView.storyboard */; };
		B47E72EB2B4F77240098D286 /* UIScrollView.swift in Sources */ = {isa = PBXBuildFile; fileRef = B47E72EA2B4F77240098D286 /* UIScrollView.swift */; };
		B4AA9A4C2B5115C200991EC1 /* UICollectionViewCell.swift in Sources */ = {isa = PBXBuildFile; fileRef = B4AA9A4B2B5115C200991EC1 /* UICollectionViewCell.swift */; };
		B4AFD7002B4FADB500C5DF2F /* UITableView.storyboard in Resources */ = {isa = PBXBuildFile; fileRef = B4AFD6FF2B4FADB500C5DF2F /* UITableView.storyboard */; };
		B4AFD7022B4FADBF00C5DF2F /* UITableView.swift in Sources */ = {isa = PBXBuildFile; fileRef = B4AFD7012B4FADBF00C5DF2F /* UITableView.swift */; };
		B4AFD7042B4FB65000C5DF2F /* UITableViewCell.swift in Sources */ = {isa = PBXBuildFile; fileRef = B4AFD7032B4FB65000C5DF2F /* UITableViewCell.swift */; };
		B4AFD7062B4FC4A000C5DF2F /* UICollectionView.storyboard in Resources */ = {isa = PBXBuildFile; fileRef = B4AFD7052B4FC4A000C5DF2F /* UICollectionView.storyboard */; };
		B4AFD7082B4FC4AE00C5DF2F /* UICollectionView.swift in Sources */ = {isa = PBXBuildFile; fileRef = B4AFD7072B4FC4AE00C5DF2F /* UICollectionView.swift */; };
		B4AFD7482B50CF4000C5DF2F /* UIStackView.storyboard in Resources */ = {isa = PBXBuildFile; fileRef = B4AFD7472B50CF4000C5DF2F /* UIStackView.storyboard */; };
		B4AFD74A2B50CF5000C5DF2F /* UIStackView.swift in Sources */ = {isa = PBXBuildFile; fileRef = B4AFD7492B50CF5000C5DF2F /* UIStackView.swift */; };
		B4B69AA62B54D2C30034C27A /* UIGestureRecognizer.storyboard in Resources */ = {isa = PBXBuildFile; fileRef = B4B69AA52B54D2C30034C27A /* UIGestureRecognizer.storyboard */; };
		B4B69AA82B54D2CE0034C27A /* UIGestureRecognizer.swift in Sources */ = {isa = PBXBuildFile; fileRef = B4B69AA72B54D2CE0034C27A /* UIGestureRecognizer.swift */; };
/* End PBXBuildFile section */

/* Begin PBXContainerItemProxy section */
		B47E72B02B4D42F50098D286 /* PBXContainerItemProxy */ = {
			isa = PBXContainerItemProxy;
			containerPortal = B47E72912B4D42F20098D286 /* Project object */;
			proxyType = 1;
			remoteGlobalIDString = B47E72982B4D42F20098D286;
			remoteInfo = "UIKit Study";
		};
		B47E72BA2B4D42F50098D286 /* PBXContainerItemProxy */ = {
			isa = PBXContainerItemProxy;
			containerPortal = B47E72912B4D42F20098D286 /* Project object */;
			proxyType = 1;
			remoteGlobalIDString = B47E72982B4D42F20098D286;
			remoteInfo = "UIKit Study";
		};
/* End PBXContainerItemProxy section */

/* Begin PBXFileReference section */
		B47E72992B4D42F20098D286 /* UIKit Study.app */ = {isa = PBXFileReference; explicitFileType = wrapper.application; includeInIndex = 0; path = "UIKit Study.app"; sourceTree = BUILT_PRODUCTS_DIR; };
		B47E729C2B4D42F20098D286 /* AppDelegate.swift */ = {isa = PBXFileReference; lastKnownFileType = sourcecode.swift; path = AppDelegate.swift; sourceTree = "<group>"; };
		B47E729E2B4D42F20098D286 /* SceneDelegate.swift */ = {isa = PBXFileReference; lastKnownFileType = sourcecode.swift; path = SceneDelegate.swift; sourceTree = "<group>"; };
		B47E72A02B4D42F20098D286 /* ViewController.swift */ = {isa = PBXFileReference; lastKnownFileType = sourcecode.swift; path = ViewController.swift; sourceTree = "<group>"; };
		B47E72A32B4D42F20098D286 /* Base */ = {isa = PBXFileReference; lastKnownFileType = file.storyboard; name = Base; path = Base.lproj/Main.storyboard; sourceTree = "<group>"; };
		B47E72A52B4D42F40098D286 /* Assets.xcassets */ = {isa = PBXFileReference; lastKnownFileType = folder.assetcatalog; path = Assets.xcassets; sourceTree = "<group>"; };
		B47E72A82B4D42F40098D286 /* Base */ = {isa = PBXFileReference; lastKnownFileType = file.storyboard; name = Base; path = Base.lproj/LaunchScreen.storyboard; sourceTree = "<group>"; };
		B47E72AA2B4D42F40098D286 /* Info.plist */ = {isa = PBXFileReference; lastKnownFileType = text.plist.xml; path = Info.plist; sourceTree = "<group>"; };
		B47E72AF2B4D42F50098D286 /* UIKit StudyTests.xctest */ = {isa = PBXFileReference; explicitFileType = wrapper.cfbundle; includeInIndex = 0; path = "UIKit StudyTests.xctest"; sourceTree = BUILT_PRODUCTS_DIR; };
		B47E72B32B4D42F50098D286 /* UIKit_StudyTests.swift */ = {isa = PBXFileReference; lastKnownFileType = sourcecode.swift; path = UIKit_StudyTests.swift; sourceTree = "<group>"; };
		B47E72B92B4D42F50098D286 /* UIKit StudyUITests.xctest */ = {isa = PBXFileReference; explicitFileType = wrapper.cfbundle; includeInIndex = 0; path = "UIKit StudyUITests.xctest"; sourceTree = BUILT_PRODUCTS_DIR; };
		B47E72BD2B4D42F50098D286 /* UIKit_StudyUITests.swift */ = {isa = PBXFileReference; lastKnownFileType = sourcecode.swift; path = UIKit_StudyUITests.swift; sourceTree = "<group>"; };
		B47E72BF2B4D42F50098D286 /* UIKit_StudyUITestsLaunchTests.swift */ = {isa = PBXFileReference; lastKnownFileType = sourcecode.swift; path = UIKit_StudyUITestsLaunchTests.swift; sourceTree = "<group>"; };
		B47E72CC2B4D49FF0098D286 /* Navigation.storyboard */ = {isa = PBXFileReference; lastKnownFileType = file.storyboard; path = Navigation.storyboard; sourceTree = "<group>"; };
		B47E72CE2B4D4AC00098D286 /* NavigationController.swift */ = {isa = PBXFileReference; lastKnownFileType = sourcecode.swift; path = NavigationController.swift; sourceTree = "<group>"; };
		B47E72D02B4D4B6E0098D286 /* RootViewController.swift */ = {isa = PBXFileReference; lastKnownFileType = sourcecode.swift; path = RootViewController.swift; sourceTree = "<group>"; };
		B47E72D22B4D4BD20098D286 /* SecondViewController.swift */ = {isa = PBXFileReference; lastKnownFileType = sourcecode.swift; path = SecondViewController.swift; sourceTree = "<group>"; };
		B47E72D42B4D8A290098D286 /* TabBar.storyboard */ = {isa = PBXFileReference; lastKnownFileType = file.storyboard; path = TabBar.storyboard; sourceTree = "<group>"; };
		B47E72D62B4D8C370098D286 /* TabBarViewController.swift */ = {isa = PBXFileReference; lastKnownFileType = sourcecode.swift; path = TabBarViewController.swift; sourceTree = "<group>"; };
		B47E72D82B4D8D210098D286 /* HomeViewController.swift */ = {isa = PBXFileReference; lastKnownFileType = sourcecode.swift; path = HomeViewController.swift; sourceTree = "<group>"; };
		B47E72DA2B4E32810098D286 /* ChildViewController.swift */ = {isa = PBXFileReference; lastKnownFileType = sourcecode.swift; path = ChildViewController.swift; sourceTree = "<group>"; };
		B47E72DC2B4E83A30098D286 /* AutoLayout.storyboard */ = {isa = PBXFileReference; lastKnownFileType = file.storyboard; path = AutoLayout.storyboard; sourceTree = "<group>"; };
		B47E72DE2B4E83B70098D286 /* AutoLayout.swift */ = {isa = PBXFileReference; lastKnownFileType = sourcecode.swift; path = AutoLayout.swift; sourceTree = "<group>"; };
		B47E72E22B4E8A8C0098D286 /* XibViewController.swift */ = {isa = PBXFileReference; lastKnownFileType = sourcecode.swift; path = XibViewController.swift; sourceTree = "<group>"; };
		B47E72E62B4E8F6F0098D286 /* XibViewController.xib */ = {isa = PBXFileReference; lastKnownFileType = file.xib; path = XibViewController.xib; sourceTree = "<group>"; };
		B47E72E82B4F77110098D286 /* UIScrollView.storyboard */ = {isa = PBXFileReference; lastKnownFileType = file.storyboard; path = UIScrollView.storyboard; sourceTree = "<group>"; };
		B47E72EA2B4F77240098D286 /* UIScrollView.swift */ = {isa = PBXFileReference; lastKnownFileType = sourcecode.swift; path = UIScrollView.swift; sourceTree = "<group>"; };
		B4AA9A4B2B5115C200991EC1 /* UICollectionViewCell.swift */ = {isa = PBXFileReference; lastKnownFileType = sourcecode.swift; path = UICollectionViewCell.swift; sourceTree = "<group>"; };
		B4AFD6FF2B4FADB500C5DF2F /* UITableView.storyboard */ = {isa = PBXFileReference; lastKnownFileType = file.storyboard; path = UITableView.storyboard; sourceTree = "<group>"; };
		B4AFD7012B4FADBF00C5DF2F /* UITableView.swift */ = {isa = PBXFileReference; lastKnownFileType = sourcecode.swift; path = UITableView.swift; sourceTree = "<group>"; };
		B4AFD7032B4FB65000C5DF2F /* UITableViewCell.swift */ = {isa = PBXFileReference; lastKnownFileType = sourcecode.swift; path = UITableViewCell.swift; sourceTree = "<group>"; };
		B4AFD7052B4FC4A000C5DF2F /* UICollectionView.storyboard */ = {isa = PBXFileReference; lastKnownFileType = file.storyboard; path = UICollectionView.storyboard; sourceTree = "<group>"; };
		B4AFD7072B4FC4AE00C5DF2F /* UICollectionView.swift */ = {isa = PBXFileReference; lastKnownFileType = sourcecode.swift; path = UICollectionView.swift; sourceTree = "<group>"; };
		B4AFD7472B50CF4000C5DF2F /* UIStackView.storyboard */ = {isa = PBXFileReference; lastKnownFileType = file.storyboard; path = UIStackView.storyboard; sourceTree = "<group>"; };
		B4AFD7492B50CF5000C5DF2F /* UIStackView.swift */ = {isa = PBXFileReference; lastKnownFileType = sourcecode.swift; path = UIStackView.swift; sourceTree = "<group>"; };
		B4B69AA52B54D2C30034C27A /* UIGestureRecognizer.storyboard */ = {isa = PBXFileReference; lastKnownFileType = file.storyboard; path = UIGestureRecognizer.storyboard; sourceTree = "<group>"; };
		B4B69AA72B54D2CE0034C27A /* UIGestureRecognizer.swift */ = {isa = PBXFileReference; lastKnownFileType = sourcecode.swift; path = UIGestureRecognizer.swift; sourceTree = "<group>"; };
/* End PBXFileReference section */

/* Begin PBXFrameworksBuildPhase section */
		B47E72962B4D42F20098D286 /* Frameworks */ = {
			isa = PBXFrameworksBuildPhase;
			buildActionMask = 2147483647;
			files = (
			);
			runOnlyForDeploymentPostprocessing = 0;
		};
		B47E72AC2B4D42F50098D286 /* Frameworks */ = {
			isa = PBXFrameworksBuildPhase;
			buildActionMask = 2147483647;
			files = (
			);
			runOnlyForDeploymentPostprocessing = 0;
		};
		B47E72B62B4D42F50098D286 /* Frameworks */ = {
			isa = PBXFrameworksBuildPhase;
			buildActionMask = 2147483647;
			files = (
			);
			runOnlyForDeploymentPostprocessing = 0;
		};
/* End PBXFrameworksBuildPhase section */

/* Begin PBXGroup section */
		B47E72902B4D42F20098D286 = {
			isa = PBXGroup;
			children = (
				B47E729B2B4D42F20098D286 /* UIKit Study */,
				B47E72B22B4D42F50098D286 /* UIKit StudyTests */,
				B47E72BC2B4D42F50098D286 /* UIKit StudyUITests */,
				B47E729A2B4D42F20098D286 /* Products */,
			);
			sourceTree = "<group>";
		};
		B47E729A2B4D42F20098D286 /* Products */ = {
			isa = PBXGroup;
			children = (
				B47E72992B4D42F20098D286 /* UIKit Study.app */,
				B47E72AF2B4D42F50098D286 /* UIKit StudyTests.xctest */,
				B47E72B92B4D42F50098D286 /* UIKit StudyUITests.xctest */,
			);
			name = Products;
			sourceTree = "<group>";
		};
		B47E729B2B4D42F20098D286 /* UIKit Study */ = {
			isa = PBXGroup;
			children = (
				B47E729C2B4D42F20098D286 /* AppDelegate.swift */,
				B47E729E2B4D42F20098D286 /* SceneDelegate.swift */,
				B47E72A02B4D42F20098D286 /* ViewController.swift */,
				B47E72A22B4D42F20098D286 /* Main.storyboard */,
				B47E72A72B4D42F40098D286 /* LaunchScreen.storyboard */,
				B47E72CC2B4D49FF0098D286 /* Navigation.storyboard */,
				B47E72CE2B4D4AC00098D286 /* NavigationController.swift */,
				B47E72D02B4D4B6E0098D286 /* RootViewController.swift */,
				B47E72D22B4D4BD20098D286 /* SecondViewController.swift */,
				B47E72D42B4D8A290098D286 /* TabBar.storyboard */,
				B47E72D62B4D8C370098D286 /* TabBarViewController.swift */,
				B47E72D82B4D8D210098D286 /* HomeViewController.swift */,
				B47E72DA2B4E32810098D286 /* ChildViewController.swift */,
				B47E72DC2B4E83A30098D286 /* AutoLayout.storyboard */,
				B47E72DE2B4E83B70098D286 /* AutoLayout.swift */,
				B47E72E62B4E8F6F0098D286 /* XibViewController.xib */,
				B47E72E22B4E8A8C0098D286 /* XibViewController.swift */,
				B47E72E82B4F77110098D286 /* UIScrollView.storyboard */,
				B47E72EA2B4F77240098D286 /* UIScrollView.swift */,
				B4AFD6FF2B4FADB500C5DF2F /* UITableView.storyboard */,
				B4AFD7012B4FADBF00C5DF2F /* UITableView.swift */,
				B4AFD7032B4FB65000C5DF2F /* UITableViewCell.swift */,
				B4AFD7052B4FC4A000C5DF2F /* UICollectionView.storyboard */,
				B4AFD7072B4FC4AE00C5DF2F /* UICollectionView.swift */,
				B4AA9A4B2B5115C200991EC1 /* UICollectionViewCell.swift */,
				B4AFD7472B50CF4000C5DF2F /* UIStackView.storyboard */,
				B4AFD7492B50CF5000C5DF2F /* UIStackView.swift */,
				B4B69AA52B54D2C30034C27A /* UIGestureRecognizer.storyboard */,
				B4B69AA72B54D2CE0034C27A /* UIGestureRecognizer.swift */,
				B47E72AA2B4D42F40098D286 /* Info.plist */,
				B47E72A52B4D42F40098D286 /* Assets.xcassets */,
			);
			path = "UIKit Study";
			sourceTree = "<group>";
		};
		B47E72B22B4D42F50098D286 /* UIKit StudyTests */ = {
			isa = PBXGroup;
			children = (
				B47E72B32B4D42F50098D286 /* UIKit_StudyTests.swift */,
			);
			path = "UIKit StudyTests";
			sourceTree = "<group>";
		};
		B47E72BC2B4D42F50098D286 /* UIKit StudyUITests */ = {
			isa = PBXGroup;
			children = (
				B47E72BD2B4D42F50098D286 /* UIKit_StudyUITests.swift */,
				B47E72BF2B4D42F50098D286 /* UIKit_StudyUITestsLaunchTests.swift */,
			);
			path = "UIKit StudyUITests";
			sourceTree = "<group>";
		};
/* End PBXGroup section */

/* Begin PBXNativeTarget section */
		B47E72982B4D42F20098D286 /* UIKit Study */ = {
			isa = PBXNativeTarget;
			buildConfigurationList = B47E72C32B4D42F50098D286 /* Build configuration list for PBXNativeTarget "UIKit Study" */;
			buildPhases = (
				B47E72952B4D42F20098D286 /* Sources */,
				B47E72962B4D42F20098D286 /* Frameworks */,
				B47E72972B4D42F20098D286 /* Resources */,
			);
			buildRules = (
			);
			dependencies = (
			);
			name = "UIKit Study";
			productName = "UIKit Study";
			productReference = B47E72992B4D42F20098D286 /* UIKit Study.app */;
			productType = "com.apple.product-type.application";
		};
		B47E72AE2B4D42F50098D286 /* UIKit StudyTests */ = {
			isa = PBXNativeTarget;
			buildConfigurationList = B47E72C62B4D42F50098D286 /* Build configuration list for PBXNativeTarget "UIKit StudyTests" */;
			buildPhases = (
				B47E72AB2B4D42F50098D286 /* Sources */,
				B47E72AC2B4D42F50098D286 /* Frameworks */,
				B47E72AD2B4D42F50098D286 /* Resources */,
			);
			buildRules = (
			);
			dependencies = (
				B47E72B12B4D42F50098D286 /* PBXTargetDependency */,
			);
			name = "UIKit StudyTests";
			productName = "UIKit StudyTests";
			productReference = B47E72AF2B4D42F50098D286 /* UIKit StudyTests.xctest */;
			productType = "com.apple.product-type.bundle.unit-test";
		};
		B47E72B82B4D42F50098D286 /* UIKit StudyUITests */ = {
			isa = PBXNativeTarget;
			buildConfigurationList = B47E72C92B4D42F50098D286 /* Build configuration list for PBXNativeTarget "UIKit StudyUITests" */;
			buildPhases = (
				B47E72B52B4D42F50098D286 /* Sources */,
				B47E72B62B4D42F50098D286 /* Frameworks */,
				B47E72B72B4D42F50098D286 /* Resources */,
			);
			buildRules = (
			);
			dependencies = (
				B47E72BB2B4D42F50098D286 /* PBXTargetDependency */,
			);
			name = "UIKit StudyUITests";
			productName = "UIKit StudyUITests";
			productReference = B47E72B92B4D42F50098D286 /* UIKit StudyUITests.xctest */;
			productType = "com.apple.product-type.bundle.ui-testing";
		};
/* End PBXNativeTarget section */

/* Begin PBXProject section */
		B47E72912B4D42F20098D286 /* Project object */ = {
			isa = PBXProject;
			attributes = {
				BuildIndependentTargetsInParallel = 1;
				LastSwiftUpdateCheck = 1510;
				LastUpgradeCheck = 1510;
				TargetAttributes = {
					B47E72982B4D42F20098D286 = {
						CreatedOnToolsVersion = 15.1;
					};
					B47E72AE2B4D42F50098D286 = {
						CreatedOnToolsVersion = 15.1;
						TestTargetID = B47E72982B4D42F20098D286;
					};
					B47E72B82B4D42F50098D286 = {
						CreatedOnToolsVersion = 15.1;
						TestTargetID = B47E72982B4D42F20098D286;
					};
				};
			};
			buildConfigurationList = B47E72942B4D42F20098D286 /* Build configuration list for PBXProject "UIKit Study" */;
			compatibilityVersion = "Xcode 14.0";
			developmentRegion = en;
			hasScannedForEncodings = 0;
			knownRegions = (
				en,
				Base,
			);
			mainGroup = B47E72902B4D42F20098D286;
			productRefGroup = B47E729A2B4D42F20098D286 /* Products */;
			projectDirPath = "";
			projectRoot = "";
			targets = (
				B47E72982B4D42F20098D286 /* UIKit Study */,
				B47E72AE2B4D42F50098D286 /* UIKit StudyTests */,
				B47E72B82B4D42F50098D286 /* UIKit StudyUITests */,
			);
		};
/* End PBXProject section */

/* Begin PBXResourcesBuildPhase section */
		B47E72972B4D42F20098D286 /* Resources */ = {
			isa = PBXResourcesBuildPhase;
			buildActionMask = 2147483647;
			files = (
				B47E72D52B4D8A290098D286 /* TabBar.storyboard in Resources */,
				B4AFD7002B4FADB500C5DF2F /* UITableView.storyboard in Resources */,
				B4AFD7482B50CF4000C5DF2F /* UIStackView.storyboard in Resources */,
				B47E72DD2B4E83A30098D286 /* AutoLayout.storyboard in Resources */,
				B47E72E72B4E8F6F0098D286 /* XibViewController.xib in Resources */,
				B47E72CD2B4D49FF0098D286 /* Navigation.storyboard in Resources */,
				B4AFD7062B4FC4A000C5DF2F /* UICollectionView.storyboard in Resources */,
				B47E72A92B4D42F40098D286 /* LaunchScreen.storyboard in Resources */,
				B47E72A62B4D42F40098D286 /* Assets.xcassets in Resources */,
				B47E72E92B4F77110098D286 /* UIScrollView.storyboard in Resources */,
				B4B69AA62B54D2C30034C27A /* UIGestureRecognizer.storyboard in Resources */,
				B47E72A42B4D42F20098D286 /* Main.storyboard in Resources */,
			);
			runOnlyForDeploymentPostprocessing = 0;
		};
		B47E72AD2B4D42F50098D286 /* Resources */ = {
			isa = PBXResourcesBuildPhase;
			buildActionMask = 2147483647;
			files = (
			);
			runOnlyForDeploymentPostprocessing = 0;
		};
		B47E72B72B4D42F50098D286 /* Resources */ = {
			isa = PBXResourcesBuildPhase;
			buildActionMask = 2147483647;
			files = (
			);
			runOnlyForDeploymentPostprocessing = 0;
		};
/* End PBXResourcesBuildPhase section */

/* Begin PBXSourcesBuildPhase section */
		B47E72952B4D42F20098D286 /* Sources */ = {
			isa = PBXSourcesBuildPhase;
			buildActionMask = 2147483647;
			files = (
				B4AFD7082B4FC4AE00C5DF2F /* UICollectionView.swift in Sources */,
				B47E72D32B4D4BD20098D286 /* SecondViewController.swift in Sources */,
				B47E72D12B4D4B6E0098D286 /* RootViewController.swift in Sources */,
				B4B69AA82B54D2CE0034C27A /* UIGestureRecognizer.swift in Sources */,
				B4AA9A4C2B5115C200991EC1 /* UICollectionViewCell.swift in Sources */,
				B47E72DB2B4E32810098D286 /* ChildViewController.swift in Sources */,
				B47E72A12B4D42F20098D286 /* ViewController.swift in Sources */,
				B47E72E32B4E8A8C0098D286 /* XibViewController.swift in Sources */,
				B4AFD7042B4FB65000C5DF2F /* UITableViewCell.swift in Sources */,
				B47E72D92B4D8D210098D286 /* HomeViewController.swift in Sources */,
				B47E72CF2B4D4AC00098D286 /* NavigationController.swift in Sources */,
				B47E72D72B4D8C370098D286 /* TabBarViewController.swift in Sources */,
				B47E729D2B4D42F20098D286 /* AppDelegate.swift in Sources */,
				B4AFD74A2B50CF5000C5DF2F /* UIStackView.swift in Sources */,
				B47E72EB2B4F77240098D286 /* UIScrollView.swift in Sources */,
				B4AFD7022B4FADBF00C5DF2F /* UITableView.swift in Sources */,
				B47E72DF2B4E83B70098D286 /* AutoLayout.swift in Sources */,
				B47E729F2B4D42F20098D286 /* SceneDelegate.swift in Sources */,
			);
			runOnlyForDeploymentPostprocessing = 0;
		};
		B47E72AB2B4D42F50098D286 /* Sources */ = {
			isa = PBXSourcesBuildPhase;
			buildActionMask = 2147483647;
			files = (
				B47E72B42B4D42F50098D286 /* UIKit_StudyTests.swift in Sources */,
			);
			runOnlyForDeploymentPostprocessing = 0;
		};
		B47E72B52B4D42F50098D286 /* Sources */ = {
			isa = PBXSourcesBuildPhase;
			buildActionMask = 2147483647;
			files = (
				B47E72BE2B4D42F50098D286 /* UIKit_StudyUITests.swift in Sources */,
				B47E72C02B4D42F50098D286 /* UIKit_StudyUITestsLaunchTests.swift in Sources */,
			);
			runOnlyForDeploymentPostprocessing = 0;
		};
/* End PBXSourcesBuildPhase section */

/* Begin PBXTargetDependency section */
		B47E72B12B4D42F50098D286 /* PBXTargetDependency */ = {
			isa = PBXTargetDependency;
			target = B47E72982B4D42F20098D286 /* UIKit Study */;
			targetProxy = B47E72B02B4D42F50098D286 /* PBXContainerItemProxy */;
		};
		B47E72BB2B4D42F50098D286 /* PBXTargetDependency */ = {
			isa = PBXTargetDependency;
			target = B47E72982B4D42F20098D286 /* UIKit Study */;
			targetProxy = B47E72BA2B4D42F50098D286 /* PBXContainerItemProxy */;
		};
/* End PBXTargetDependency section */

/* Begin PBXVariantGroup section */
		B47E72A22B4D42F20098D286 /* Main.storyboard */ = {
			isa = PBXVariantGroup;
			children = (
				B47E72A32B4D42F20098D286 /* Base */,
			);
			name = Main.storyboard;
			sourceTree = "<group>";
		};
		B47E72A72B4D42F40098D286 /* LaunchScreen.storyboard */ = {
			isa = PBXVariantGroup;
			children = (
				B47E72A82B4D42F40098D286 /* Base */,
			);
			name = LaunchScreen.storyboard;
			sourceTree = "<group>";
		};
/* End PBXVariantGroup section */

/* Begin XCBuildConfiguration section */
		B47E72C12B4D42F50098D286 /* Debug */ = {
			isa = XCBuildConfiguration;
			buildSettings = {
				ALWAYS_SEARCH_USER_PATHS = NO;
				ASSETCATALOG_COMPILER_GENERATE_SWIFT_ASSET_SYMBOL_EXTENSIONS = YES;
				CLANG_ANALYZER_NONNULL = YES;
				CLANG_ANALYZER_NUMBER_OBJECT_CONVERSION = YES_AGGRESSIVE;
				CLANG_CXX_LANGUAGE_STANDARD = "gnu++20";
				CLANG_ENABLE_MODULES = YES;
				CLANG_ENABLE_OBJC_ARC = YES;
				CLANG_ENABLE_OBJC_WEAK = YES;
				CLANG_WARN_BLOCK_CAPTURE_AUTORELEASING = YES;
				CLANG_WARN_BOOL_CONVERSION = YES;
				CLANG_WARN_COMMA = YES;
				CLANG_WARN_CONSTANT_CONVERSION = YES;
				CLANG_WARN_DEPRECATED_OBJC_IMPLEMENTATIONS = YES;
				CLANG_WARN_DIRECT_OBJC_ISA_USAGE = YES_ERROR;
				CLANG_WARN_DOCUMENTATION_COMMENTS = YES;
				CLANG_WARN_EMPTY_BODY = YES;
				CLANG_WARN_ENUM_CONVERSION = YES;
				CLANG_WARN_INFINITE_RECURSION = YES;
				CLANG_WARN_INT_CONVERSION = YES;
				CLANG_WARN_NON_LITERAL_NULL_CONVERSION = YES;
				CLANG_WARN_OBJC_IMPLICIT_RETAIN_SELF = YES;
				CLANG_WARN_OBJC_LITERAL_CONVERSION = YES;
				CLANG_WARN_OBJC_ROOT_CLASS = YES_ERROR;
				CLANG_WARN_QUOTED_INCLUDE_IN_FRAMEWORK_HEADER = YES;
				CLANG_WARN_RANGE_LOOP_ANALYSIS = YES;
				CLANG_WARN_STRICT_PROTOTYPES = YES;
				CLANG_WARN_SUSPICIOUS_MOVE = YES;
				CLANG_WARN_UNGUARDED_AVAILABILITY = YES_AGGRESSIVE;
				CLANG_WARN_UNREACHABLE_CODE = YES;
				CLANG_WARN__DUPLICATE_METHOD_MATCH = YES;
				COPY_PHASE_STRIP = NO;
				DEBUG_INFORMATION_FORMAT = dwarf;
				ENABLE_STRICT_OBJC_MSGSEND = YES;
				ENABLE_TESTABILITY = YES;
				ENABLE_USER_SCRIPT_SANDBOXING = YES;
				GCC_C_LANGUAGE_STANDARD = gnu17;
				GCC_DYNAMIC_NO_PIC = NO;
				GCC_NO_COMMON_BLOCKS = YES;
				GCC_OPTIMIZATION_LEVEL = 0;
				GCC_PREPROCESSOR_DEFINITIONS = (
					"DEBUG=1",
					"$(inherited)",
				);
				GCC_WARN_64_TO_32_BIT_CONVERSION = YES;
				GCC_WARN_ABOUT_RETURN_TYPE = YES_ERROR;
				GCC_WARN_UNDECLARED_SELECTOR = YES;
				GCC_WARN_UNINITIALIZED_AUTOS = YES_AGGRESSIVE;
				GCC_WARN_UNUSED_FUNCTION = YES;
				GCC_WARN_UNUSED_VARIABLE = YES;
				IPHONEOS_DEPLOYMENT_TARGET = 17.2;
				LOCALIZATION_PREFERS_STRING_CATALOGS = YES;
				MTL_ENABLE_DEBUG_INFO = INCLUDE_SOURCE;
				MTL_FAST_MATH = YES;
				ONLY_ACTIVE_ARCH = YES;
				SDKROOT = iphoneos;
				SWIFT_ACTIVE_COMPILATION_CONDITIONS = "DEBUG $(inherited)";
				SWIFT_OPTIMIZATION_LEVEL = "-Onone";
			};
			name = Debug;
		};
		B47E72C22B4D42F50098D286 /* Release */ = {
			isa = XCBuildConfiguration;
			buildSettings = {
				ALWAYS_SEARCH_USER_PATHS = NO;
				ASSETCATALOG_COMPILER_GENERATE_SWIFT_ASSET_SYMBOL_EXTENSIONS = YES;
				CLANG_ANALYZER_NONNULL = YES;
				CLANG_ANALYZER_NUMBER_OBJECT_CONVERSION = YES_AGGRESSIVE;
				CLANG_CXX_LANGUAGE_STANDARD = "gnu++20";
				CLANG_ENABLE_MODULES = YES;
				CLANG_ENABLE_OBJC_ARC = YES;
				CLANG_ENABLE_OBJC_WEAK = YES;
				CLANG_WARN_BLOCK_CAPTURE_AUTORELEASING = YES;
				CLANG_WARN_BOOL_CONVERSION = YES;
				CLANG_WARN_COMMA = YES;
				CLANG_WARN_CONSTANT_CONVERSION = YES;
				CLANG_WARN_DEPRECATED_OBJC_IMPLEMENTATIONS = YES;
				CLANG_WARN_DIRECT_OBJC_ISA_USAGE = YES_ERROR;
				CLANG_WARN_DOCUMENTATION_COMMENTS = YES;
				CLANG_WARN_EMPTY_BODY = YES;
				CLANG_WARN_ENUM_CONVERSION = YES;
				CLANG_WARN_INFINITE_RECURSION = YES;
				CLANG_WARN_INT_CONVERSION = YES;
				CLANG_WARN_NON_LITERAL_NULL_CONVERSION = YES;
				CLANG_WARN_OBJC_IMPLICIT_RETAIN_SELF = YES;
				CLANG_WARN_OBJC_LITERAL_CONVERSION = YES;
				CLANG_WARN_OBJC_ROOT_CLASS = YES_ERROR;
				CLANG_WARN_QUOTED_INCLUDE_IN_FRAMEWORK_HEADER = YES;
				CLANG_WARN_RANGE_LOOP_ANALYSIS = YES;
				CLANG_WARN_STRICT_PROTOTYPES = YES;
				CLANG_WARN_SUSPICIOUS_MOVE = YES;
				CLANG_WARN_UNGUARDED_AVAILABILITY = YES_AGGRESSIVE;
				CLANG_WARN_UNREACHABLE_CODE = YES;
				CLANG_WARN__DUPLICATE_METHOD_MATCH = YES;
				COPY_PHASE_STRIP = NO;
				DEBUG_INFORMATION_FORMAT = "dwarf-with-dsym";
				ENABLE_NS_ASSERTIONS = NO;
				ENABLE_STRICT_OBJC_MSGSEND = YES;
				ENABLE_USER_SCRIPT_SANDBOXING = YES;
				GCC_C_LANGUAGE_STANDARD = gnu17;
				GCC_NO_COMMON_BLOCKS = YES;
				GCC_WARN_64_TO_32_BIT_CONVERSION = YES;
				GCC_WARN_ABOUT_RETURN_TYPE = YES_ERROR;
				GCC_WARN_UNDECLARED_SELECTOR = YES;
				GCC_WARN_UNINITIALIZED_AUTOS = YES_AGGRESSIVE;
				GCC_WARN_UNUSED_FUNCTION = YES;
				GCC_WARN_UNUSED_VARIABLE = YES;
				IPHONEOS_DEPLOYMENT_TARGET = 17.2;
				LOCALIZATION_PREFERS_STRING_CATALOGS = YES;
				MTL_ENABLE_DEBUG_INFO = NO;
				MTL_FAST_MATH = YES;
				SDKROOT = iphoneos;
				SWIFT_COMPILATION_MODE = wholemodule;
				VALIDATE_PRODUCT = YES;
			};
			name = Release;
		};
		B47E72C42B4D42F50098D286 /* Debug */ = {
			isa = XCBuildConfiguration;
			buildSettings = {
				ASSETCATALOG_COMPILER_APPICON_NAME = AppIcon;
				ASSETCATALOG_COMPILER_GLOBAL_ACCENT_COLOR_NAME = AccentColor;
				CODE_SIGN_STYLE = Automatic;
				CURRENT_PROJECT_VERSION = 1;
				DEVELOPMENT_TEAM = ACQS48BAJ9;
				GENERATE_INFOPLIST_FILE = YES;
				INFOPLIST_FILE = "UIKit Study/Info.plist";
				INFOPLIST_KEY_UIApplicationSupportsIndirectInputEvents = YES;
				INFOPLIST_KEY_UILaunchStoryboardName = LaunchScreen.storyboard;
				INFOPLIST_KEY_UIMainStoryboardFile = Main;
				INFOPLIST_KEY_UIStatusBarStyle = "";
				INFOPLIST_KEY_UISupportedInterfaceOrientations_iPad = "UIInterfaceOrientationPortrait UIInterfaceOrientationPortraitUpsideDown UIInterfaceOrientationLandscapeLeft UIInterfaceOrientationLandscapeRight";
				INFOPLIST_KEY_UISupportedInterfaceOrientations_iPhone = "UIInterfaceOrientationPortrait UIInterfaceOrientationLandscapeLeft UIInterfaceOrientationLandscapeRight";
				LD_RUNPATH_SEARCH_PATHS = (
					"$(inherited)",
					"@executable_path/Frameworks",
				);
				MARKETING_VERSION = 1.0;
				PRODUCT_BUNDLE_IDENTIFIER = "com.lineman.UIKit-Study";
				PRODUCT_NAME = "$(TARGET_NAME)";
				SWIFT_EMIT_LOC_STRINGS = YES;
				SWIFT_VERSION = 5.0;
				TARGETED_DEVICE_FAMILY = "1,2";
			};
			name = Debug;
		};
		B47E72C52B4D42F50098D286 /* Release */ = {
			isa = XCBuildConfiguration;
			buildSettings = {
				ASSETCATALOG_COMPILER_APPICON_NAME = AppIcon;
				ASSETCATALOG_COMPILER_GLOBAL_ACCENT_COLOR_NAME = AccentColor;
				CODE_SIGN_STYLE = Automatic;
				CURRENT_PROJECT_VERSION = 1;
				DEVELOPMENT_TEAM = ACQS48BAJ9;
				GENERATE_INFOPLIST_FILE = YES;
				INFOPLIST_FILE = "UIKit Study/Info.plist";
				INFOPLIST_KEY_UIApplicationSupportsIndirectInputEvents = YES;
				INFOPLIST_KEY_UILaunchStoryboardName = LaunchScreen.storyboard;
				INFOPLIST_KEY_UIMainStoryboardFile = Main;
				INFOPLIST_KEY_UIStatusBarStyle = "";
				INFOPLIST_KEY_UISupportedInterfaceOrientations_iPad = "UIInterfaceOrientationPortrait UIInterfaceOrientationPortraitUpsideDown UIInterfaceOrientationLandscapeLeft UIInterfaceOrientationLandscapeRight";
				INFOPLIST_KEY_UISupportedInterfaceOrientations_iPhone = "UIInterfaceOrientationPortrait UIInterfaceOrientationLandscapeLeft UIInterfaceOrientationLandscapeRight";
				LD_RUNPATH_SEARCH_PATHS = (
					"$(inherited)",
					"@executable_path/Frameworks",
				);
				MARKETING_VERSION = 1.0;
				PRODUCT_BUNDLE_IDENTIFIER = "com.lineman.UIKit-Study";
				PRODUCT_NAME = "$(TARGET_NAME)";
				SWIFT_EMIT_LOC_STRINGS = YES;
				SWIFT_VERSION = 5.0;
				TARGETED_DEVICE_FAMILY = "1,2";
			};
			name = Release;
		};
		B47E72C72B4D42F50098D286 /* Debug */ = {
			isa = XCBuildConfiguration;
			buildSettings = {
				ALWAYS_EMBED_SWIFT_STANDARD_LIBRARIES = YES;
				BUNDLE_LOADER = "$(TEST_HOST)";
				CODE_SIGN_STYLE = Automatic;
				CURRENT_PROJECT_VERSION = 1;
				DEVELOPMENT_TEAM = ACQS48BAJ9;
				GENERATE_INFOPLIST_FILE = YES;
				IPHONEOS_DEPLOYMENT_TARGET = 17.2;
				MARKETING_VERSION = 1.0;
				PRODUCT_BUNDLE_IDENTIFIER = "com.lineman.UIKit-StudyTests";
				PRODUCT_NAME = "$(TARGET_NAME)";
				SWIFT_EMIT_LOC_STRINGS = NO;
				SWIFT_VERSION = 5.0;
				TARGETED_DEVICE_FAMILY = "1,2";
				TEST_HOST = "$(BUILT_PRODUCTS_DIR)/UIKit Study.app/$(BUNDLE_EXECUTABLE_FOLDER_PATH)/UIKit Study";
			};
			name = Debug;
		};
		B47E72C82B4D42F50098D286 /* Release */ = {
			isa = XCBuildConfiguration;
			buildSettings = {
				ALWAYS_EMBED_SWIFT_STANDARD_LIBRARIES = YES;
				BUNDLE_LOADER = "$(TEST_HOST)";
				CODE_SIGN_STYLE = Automatic;
				CURRENT_PROJECT_VERSION = 1;
				DEVELOPMENT_TEAM = ACQS48BAJ9;
				GENERATE_INFOPLIST_FILE = YES;
				IPHONEOS_DEPLOYMENT_TARGET = 17.2;
				MARKETING_VERSION = 1.0;
				PRODUCT_BUNDLE_IDENTIFIER = "com.lineman.UIKit-StudyTests";
				PRODUCT_NAME = "$(TARGET_NAME)";
				SWIFT_EMIT_LOC_STRINGS = NO;
				SWIFT_VERSION = 5.0;
				TARGETED_DEVICE_FAMILY = "1,2";
				TEST_HOST = "$(BUILT_PRODUCTS_DIR)/UIKit Study.app/$(BUNDLE_EXECUTABLE_FOLDER_PATH)/UIKit Study";
			};
			name = Release;
		};
		B47E72CA2B4D42F50098D286 /* Debug */ = {
			isa = XCBuildConfiguration;
			buildSettings = {
				ALWAYS_EMBED_SWIFT_STANDARD_LIBRARIES = YES;
				CODE_SIGN_STYLE = Automatic;
				CURRENT_PROJECT_VERSION = 1;
				DEVELOPMENT_TEAM = ACQS48BAJ9;
				GENERATE_INFOPLIST_FILE = YES;
				MARKETING_VERSION = 1.0;
				PRODUCT_BUNDLE_IDENTIFIER = "com.lineman.UIKit-StudyUITests";
				PRODUCT_NAME = "$(TARGET_NAME)";
				SWIFT_EMIT_LOC_STRINGS = NO;
				SWIFT_VERSION = 5.0;
				TARGETED_DEVICE_FAMILY = "1,2";
				TEST_TARGET_NAME = "UIKit Study";
			};
			name = Debug;
		};
		B47E72CB2B4D42F50098D286 /* Release */ = {
			isa = XCBuildConfiguration;
			buildSettings = {
				ALWAYS_EMBED_SWIFT_STANDARD_LIBRARIES = YES;
				CODE_SIGN_STYLE = Automatic;
				CURRENT_PROJECT_VERSION = 1;
				DEVELOPMENT_TEAM = ACQS48BAJ9;
				GENERATE_INFOPLIST_FILE = YES;
				MARKETING_VERSION = 1.0;
				PRODUCT_BUNDLE_IDENTIFIER = "com.lineman.UIKit-StudyUITests";
				PRODUCT_NAME = "$(TARGET_NAME)";
				SWIFT_EMIT_LOC_STRINGS = NO;
				SWIFT_VERSION = 5.0;
				TARGETED_DEVICE_FAMILY = "1,2";
				TEST_TARGET_NAME = "UIKit Study";
			};
			name = Release;
		};
/* End XCBuildConfiguration section */

/* Begin XCConfigurationList section */
		B47E72942B4D42F20098D286 /* Build configuration list for PBXProject "UIKit Study" */ = {
			isa = XCConfigurationList;
			buildConfigurations = (
				B47E72C12B4D42F50098D286 /* Debug */,
				B47E72C22B4D42F50098D286 /* Release */,
			);
			defaultConfigurationIsVisible = 0;
			defaultConfigurationName = Release;
		};
		B47E72C32B4D42F50098D286 /* Build configuration list for PBXNativeTarget "UIKit Study" */ = {
			isa = XCConfigurationList;
			buildConfigurations = (
				B47E72C42B4D42F50098D286 /* Debug */,
				B47E72C52B4D42F50098D286 /* Release */,
			);
			defaultConfigurationIsVisible = 0;
			defaultConfigurationName = Release;
		};
		B47E72C62B4D42F50098D286 /* Build configuration list for PBXNativeTarget "UIKit StudyTests" */ = {
			isa = XCConfigurationList;
			buildConfigurations = (
				B47E72C72B4D42F50098D286 /* Debug */,
				B47E72C82B4D42F50098D286 /* Release */,
			);
			defaultConfigurationIsVisible = 0;
			defaultConfigurationName = Release;
		};
		B47E72C92B4D42F50098D286 /* Build configuration list for PBXNativeTarget "UIKit StudyUITests" */ = {
			isa = XCConfigurationList;
			buildConfigurations = (
				B47E72CA2B4D42F50098D286 /* Debug */,
				B47E72CB2B4D42F50098D286 /* Release */,
			);
			defaultConfigurationIsVisible = 0;
			defaultConfigurationName = Release;
		};
/* End XCConfigurationList section */
	};
	rootObject = B47E72912B4D42F20098D286 /* Project object */;
}
